
Microsoft Visual Studio Solution File, Format Version 12.00
# Visual Studio Version 17
VisualStudioVersion = 17.4.33403.182
MinimumVisualStudioVersion = 10.0.40219.1
Project("{FAE04EC0-301F-11D3-BF4B-00C04F79EFBC}") = "OpenAi.Api", "OpenAi.Api\OpenAi.Api.csproj", "{EABCEC2E-A3BC-4801-9E40-4651B74670AF}"
EndProject
Global
	GlobalSection(SolutionConfigurationPlatforms) = preSolution
		Debug|Any CPU = Debug|Any CPU
		Release|Any CPU = Release|Any CPU
	EndGlobalSection
	GlobalSection(ProjectConfigurationPlatforms) = postSolution
		{EABCEC2E-A3BC-4801-9E40-4651B74670AF}.Debug|Any CPU.ActiveCfg = Debug|Any CPU
		{EABCEC2E-A3BC-4801-9E40-4651B74670AF}.Debug|Any CPU.Build.0 = Debug|Any CPU
		{EABCEC2E-A3BC-4801-9E40-4651B74670AF}.Release|Any CPU.ActiveCfg = Release|Any CPU
		{EABCEC2E-A3BC-4801-9E40-4651B74670AF}.Release|Any CPU.Build.0 = Release|Any CPU
	EndGlobalSection
	GlobalSection(SolutionProperties) = preSolution
		HideSolutionNode = FALSE
	EndGlobalSection
	GlobalSection(ExtensibilityGlobals) = postSolution
		SolutionGuid = {319895C7-55D0-4E79-AA53-CCFE88426956}
	EndGlobalSection
EndGlobal
